
Microsoft Visual Studio Solution File, Format Version 11.00
# Visual Studio 2010
Project("{FAE04EC0-301F-11D3-BF4B-00C04F79EFBC}") = "Githubtest", "Githubtest\Githubtest.csproj", "{85AF623F-E77A-4B6A-B7CF-C32324AB55FA}"
EndProject
Global
	GlobalSection(SolutionConfigurationPlatforms) = preSolution
		Debug|Any CPU = Debug|Any CPU
		Release|Any CPU = Release|Any CPU
	EndGlobalSection
	GlobalSection(ProjectConfigurationPlatforms) = postSolution
		{85AF623F-E77A-4B6A-B7CF-C32324AB55FA}.Debug|Any CPU.ActiveCfg = Debug|Any CPU
		{85AF623F-E77A-4B6A-B7CF-C32324AB55FA}.Debug|Any CPU.Build.0 = Debug|Any CPU
		{85AF623F-E77A-4B6A-B7CF-C32324AB55FA}.Release|Any CPU.ActiveCfg = Release|Any CPU
		{85AF623F-E77A-4B6A-B7CF-C32324AB55FA}.Release|Any CPU.Build.0 = Release|Any CPU
	EndGlobalSection
	GlobalSection(SolutionProperties) = preSolution
		HideSolutionNode = FALSE
	EndGlobalSection
EndGlobal
